
Microsoft Visual Studio Solution File, Format Version 12.00
# Visual Studio Version 17
VisualStudioVersion = 17.9.34902.65
MinimumVisualStudioVersion = 10.0.40219.1
Project("{9A19103F-16F7-4668-BE54-9A1E7A4F7556}") = "BackOffice", "BackOffice\BackOffice\BackOffice.csproj", "{057048A4-B4A3-4BCF-A4F2-5BA1375EDA2E}"
EndProject
Project("{9A19103F-16F7-4668-BE54-9A1E7A4F7556}") = "BackOffice.Client", "BackOffice\BackOffice.Client\BackOffice.Client.csproj", "{8A892C55-4818-4549-9ED1-F8ED71CF662F}"
EndProject
Global
	GlobalSection(SolutionConfigurationPlatforms) = preSolution
		Debug|Any CPU = Debug|Any CPU
		Release|Any CPU = Release|Any CPU
	EndGlobalSection
	GlobalSection(ProjectConfigurationPlatforms) = postSolution
		{057048A4-B4A3-4BCF-A4F2-5BA1375EDA2E}.Debug|Any CPU.ActiveCfg = Debug|Any CPU
		{057048A4-B4A3-4BCF-A4F2-5BA1375EDA2E}.Debug|Any CPU.Build.0 = Debug|Any CPU
		{057048A4-B4A3-4BCF-A4F2-5BA1375EDA2E}.Release|Any CPU.ActiveCfg = Release|Any CPU
		{057048A4-B4A3-4BCF-A4F2-5BA1375EDA2E}.Release|Any CPU.Build.0 = Release|Any CPU
		{8A892C55-4818-4549-9ED1-F8ED71CF662F}.Debug|Any CPU.ActiveCfg = Debug|Any CPU
		{8A892C55-4818-4549-9ED1-F8ED71CF662F}.Debug|Any CPU.Build.0 = Debug|Any CPU
		{8A892C55-4818-4549-9ED1-F8ED71CF662F}.Release|Any CPU.ActiveCfg = Release|Any CPU
		{8A892C55-4818-4549-9ED1-F8ED71CF662F}.Release|Any CPU.Build.0 = Release|Any CPU
	EndGlobalSection
	GlobalSection(SolutionProperties) = preSolution
		HideSolutionNode = FALSE
	EndGlobalSection
	GlobalSection(ExtensibilityGlobals) = postSolution
		SolutionGuid = {FB9C750C-1921-4A6C-A277-6B0308168FAB}
	EndGlobalSection
EndGlobal
